// !$*UTF8*$!
{
	archiveVersion = 1;
	classes = {
	};
	objectVersion = 46;
	objects = {

/* Begin PBXBuildFile section */
		606FA5541CF88D6000A1C05B /* main.m in Sources */ = {isa = PBXBuildFile; fileRef = 606FA5531CF88D6000A1C05B /* main.m */; };
		606FA5571CF88D6000A1C05B /* AppDelegate.m in Sources */ = {isa = PBXBuildFile; fileRef = 606FA5561CF88D6000A1C05B /* AppDelegate.m */; };
		606FA55A1CF88D6000A1C05B /* ViewController.m in Sources */ = {isa = PBXBuildFile; fileRef = 606FA5591CF88D6000A1C05B /* ViewController.m */; };
		606FA55D1CF88D6000A1C05B /* Main.storyboard in Resources */ = {isa = PBXBuildFile; fileRef = 606FA55B1CF88D6000A1C05B /* Main.storyboard */; };
		606FA55F1CF88D6000A1C05B /* Assets.xcassets in Resources */ = {isa = PBXBuildFile; fileRef = 606FA55E1CF88D6000A1C05B /* Assets.xcassets */; };
		606FA5621CF88D6000A1C05B /* LaunchScreen.storyboard in Resources */ = {isa = PBXBuildFile; fileRef = 606FA5601CF88D6000A1C05B /* LaunchScreen.storyboard */; };
		606FA56D1CF88D6000A1C05B /* MRHitTestTests.m in Sources */ = {isa = PBXBuildFile; fileRef = 606FA56C1CF88D6000A1C05B /* MRHitTestTests.m */; };
		606FA5781CF88D6000A1C05B /* MRHitTestUITests.m in Sources */ = {isa = PBXBuildFile; fileRef = 606FA5771CF88D6000A1C05B /* MRHitTestUITests.m */; };
		607DE93A1CF88E8A003801D4 /* MRView.m in Sources */ = {isa = PBXBuildFile; fileRef = 607DE9391CF88E8A003801D4 /* MRView.m */; };
/* End PBXBuildFile section */

/* Begin PBXContainerItemProxy section */
		606FA5691CF88D6000A1C05B /* PBXContainerItemProxy */ = {
			isa = PBXContainerItemProxy;
			containerPortal = 606FA5471CF88D6000A1C05B /* Project object */;
			proxyType = 1;
			remoteGlobalIDString = 606FA54E1CF88D6000A1C05B;
			remoteInfo = MRHitTest;
		};
		606FA5741CF88D6000A1C05B /* PBXContainerItemProxy */ = {
			isa = PBXContainerItemProxy;
			containerPortal = 606FA5471CF88D6000A1C05B /* Project object */;
			proxyType = 1;
			remoteGlobalIDString = 606FA54E1CF88D6000A1C05B;
			remoteInfo = MRHitTest;
		};
/* End PBXContainerItemProxy section */

/* Begin PBXFileReference section */
		606FA54F1CF88D6000A1C05B /* MRHitTest.app */ = {isa = PBXFileReference; explicitFileType = wrapper.application; includeInIndex = 0; path = MRHitTest.app; sourceTree = BUILT_PRODUCTS_DIR; };
		606FA5531CF88D6000A1C05B /* main.m */ = {isa = PBXFileReference; lastKnownFileType = sourcecode.c.objc; path = main.m; sourceTree = "<group>"; };
		606FA5551CF88D6000A1C05B /* AppDelegate.h */ = {isa = PBXFileReference; lastKnownFileType = sourcecode.c.h; path = AppDelegate.h; sourceTree = "<group>"; };
		606FA5561CF88D6000A1C05B /* AppDelegate.m */ = {isa = PBXFileReference; lastKnownFileType = sourcecode.c.objc; path = AppDelegate.m; sourceTree = "<group>"; };
		606FA5581CF88D6000A1C05B /* ViewController.h */ = {isa = PBXFileReference; lastKnownFileType = sourcecode.c.h; path = ViewController.h; sourceTree = "<group>"; };
		606FA5591CF88D6000A1C05B /* ViewController.m */ = {isa = PBXFileReference; lastKnownFileType = sourcecode.c.objc; path = ViewController.m; sourceTree = "<group>"; };
		606FA55C1CF88D6000A1C05B /* Base */ = {isa = PBXFileReference; lastKnownFileType = file.storyboard; name = Base; path = Base.lproj/Main.storyboard; sourceTree = "<group>"; };
		606FA55E1CF88D6000A1C05B /* Assets.xcassets */ = {isa = PBXFileReference; lastKnownFileType = folder.assetcatalog; path = Assets.xcassets; sourceTree = "<group>"; };
		606FA5611CF88D6000A1C05B /* Base */ = {isa = PBXFileReference; lastKnownFileType = file.storyboard; name = Base; path = Base.lproj/LaunchScreen.storyboard; sourceTree = "<group>"; };
		606FA5631CF88D6000A1C05B /* Info.plist */ = {isa = PBXFileReference; lastKnownFileType = text.plist.xml; path = Info.plist; sourceTree = "<group>"; };
		606FA5681CF88D6000A1C05B /* MRHitTestTests.xctest */ = {isa = PBXFileReference; explicitFileType = wrapper.cfbundle; includeInIndex = 0; path = MRHitTestTests.xctest; sourceTree = BUILT_PRODUCTS_DIR; };
		606FA56C1CF88D6000A1C05B /* MRHitTestTests.m */ = {isa = PBXFileReference; lastKnownFileType = sourcecode.c.objc; path = MRHitTestTests.m; sourceTree = "<group>"; };
		606FA56E1CF88D6000A1C05B /* Info.plist */ = {isa = PBXFileReference; lastKnownFileType = text.plist.xml; path = Info.plist; sourceTree = "<group>"; };
		606FA5731CF88D6000A1C05B /* MRHitTestUITests.xctest */ = {isa = PBXFileReference; explicitFileType = wrapper.cfbundle; includeInIndex = 0; path = MRHitTestUITests.xctest; sourceTree = BUILT_PRODUCTS_DIR; };
		606FA5771CF88D6000A1C05B /* MRHitTestUITests.m */ = {isa = PBXFileReference; lastKnownFileType = sourcecode.c.objc; path = MRHitTestUITests.m; sourceTree = "<group>"; };
		606FA5791CF88D6000A1C05B /* Info.plist */ = {isa = PBXFileReference; lastKnownFileType = text.plist.xml; path = Info.plist; sourceTree = "<group>"; };
		607DE9381CF88E8A003801D4 /* MRView.h */ = {isa = PBXFileReference; fileEncoding = 4; lastKnownFileType = sourcecode.c.h; path = MRView.h; sourceTree = "<group>"; };
		607DE9391CF88E8A003801D4 /* MRView.m */ = {isa = PBXFileReference; fileEncoding = 4; lastKnownFileType = sourcecode.c.objc; path = MRView.m; sourceTree = "<group>"; };
/* End PBXFileReference section */

/* Begin PBXFrameworksBuildPhase section */
		606FA54C1CF88D6000A1C05B /* Frameworks */ = {
			isa = PBXFrameworksBuildPhase;
			buildActionMask = 2147483647;
			files = (
			);
			runOnlyForDeploymentPostprocessing = 0;
		};
		606FA5651CF88D6000A1C05B /* Frameworks */ = {
			isa = PBXFrameworksBuildPhase;
			buildActionMask = 2147483647;
			files = (
			);
			runOnlyForDeploymentPostprocessing = 0;
		};
		606FA5701CF88D6000A1C05B /* Frameworks */ = {
			isa = PBXFrameworksBuildPhase;
			buildActionMask = 2147483647;
			files = (
			);
			runOnlyForDeploymentPostprocessing = 0;
		};
/* End PBXFrameworksBuildPhase section */

/* Begin PBXGroup section */
		606FA5461CF88D6000A1C05B = {
			isa = PBXGroup;
			children = (
				606FA5511CF88D6000A1C05B /* MRHitTest */,
				606FA56B1CF88D6000A1C05B /* MRHitTestTests */,
				606FA5761CF88D6000A1C05B /* MRHitTestUITests */,
				606FA5501CF88D6000A1C05B /* Products */,
			);
			sourceTree = "<group>";
		};
		606FA5501CF88D6000A1C05B /* Products */ = {
			isa = PBXGroup;
			children = (
				606FA54F1CF88D6000A1C05B /* MRHitTest.app */,
				606FA5681CF88D6000A1C05B /* MRHitTestTests.xctest */,
				606FA5731CF88D6000A1C05B /* MRHitTestUITests.xctest */,
			);
			name = Products;
			sourceTree = "<group>";
		};
		606FA5511CF88D6000A1C05B /* MRHitTest */ = {
			isa = PBXGroup;
			children = (
				606FA5551CF88D6000A1C05B /* AppDelegate.h */,
				606FA5561CF88D6000A1C05B /* AppDelegate.m */,
				606FA5581CF88D6000A1C05B /* ViewController.h */,
				606FA5591CF88D6000A1C05B /* ViewController.m */,
				607DE9381CF88E8A003801D4 /* MRView.h */,
				607DE9391CF88E8A003801D4 /* MRView.m */,
				606FA5521CF88D6000A1C05B /* Supporting Files */,
			);
			path = MRHitTest;
			sourceTree = "<group>";
		};
		606FA5521CF88D6000A1C05B /* Supporting Files */ = {
			isa = PBXGroup;
			children = (
				606FA55E1CF88D6000A1C05B /* Assets.xcassets */,
				606FA5601CF88D6000A1C05B /* LaunchScreen.storyboard */,
				606FA5631CF88D6000A1C05B /* Info.plist */,
				606FA55B1CF88D6000A1C05B /* Main.storyboard */,
				606FA5531CF88D6000A1C05B /* main.m */,
			);
			name = "Supporting Files";
			sourceTree = "<group>";
		};
		606FA56B1CF88D6000A1C05B /* MRHitTestTests */ = {
			isa = PBXGroup;
			children = (
				606FA56C1CF88D6000A1C05B /* MRHitTestTests.m */,
				606FA56E1CF88D6000A1C05B /* Info.plist */,
			);
			path = MRHitTestTests;
			sourceTree = "<group>";
		};
		606FA5761CF88D6000A1C05B /* MRHitTestUITests */ = {
			isa = PBXGroup;
			children = (
				606FA5771CF88D6000A1C05B /* MRHitTestUITests.m */,
				606FA5791CF88D6000A1C05B /* Info.plist */,
			);
			path = MRHitTestUITests;
			sourceTree = "<group>";
		};
/* End PBXGroup section */

/* Begin PBXNativeTarget section */
		606FA54E1CF88D6000A1C05B /* MRHitTest */ = {
			isa = PBXNativeTarget;
			buildConfigurationList = 606FA57C1CF88D6000A1C05B /* Build configuration list for PBXNativeTarget "MRHitTest" */;
			buildPhases = (
				606FA54B1CF88D6000A1C05B /* Sources */,
				606FA54C1CF88D6000A1C05B /* Frameworks */,
				606FA54D1CF88D6000A1C05B /* Resources */,
			);
			buildRules = (
			);
			dependencies = (
			);
			name = MRHitTest;
			productName = MRHitTest;
			productReference = 606FA54F1CF88D6000A1C05B /* MRHitTest.app */;
			productType = "com.apple.product-type.application";
		};
		606FA5671CF88D6000A1C05B /* MRHitTestTests */ = {
			isa = PBXNativeTarget;
			buildConfigurationList = 606FA57F1CF88D6000A1C05B /* Build configuration list for PBXNativeTarget "MRHitTestTests" */;
			buildPhases = (
				606FA5641CF88D6000A1C05B /* Sources */,
				606FA5651CF88D6000A1C05B /* Frameworks */,
				606FA5661CF88D6000A1C05B /* Resources */,
			);
			buildRules = (
			);
			dependencies = (
				606FA56A1CF88D6000A1C05B /* PBXTargetDependency */,
			);
			name = MRHitTestTests;
			productName = MRHitTestTests;
			productReference = 606FA5681CF88D6000A1C05B /* MRHitTestTests.xctest */;
			productType = "com.apple.product-type.bundle.unit-test";
		};
		606FA5721CF88D6000A1C05B /* MRHitTestUITests */ = {
			isa = PBXNativeTarget;
			buildConfigurationList = 606FA5821CF88D6000A1C05B /* Build configuration list for PBXNativeTarget "MRHitTestUITests" */;
			buildPhases = (
				606FA56F1CF88D6000A1C05B /* Sources */,
				606FA5701CF88D6000A1C05B /* Frameworks */,
				606FA5711CF88D6000A1C05B /* Resources */,
			);
			buildRules = (
			);
			dependencies = (
				606FA5751CF88D6000A1C05B /* PBXTargetDependency */,
			);
			name = MRHitTestUITests;
			productName = MRHitTestUITests;
			productReference = 606FA5731CF88D6000A1C05B /* MRHitTestUITests.xctest */;
			productType = "com.apple.product-type.bundle.ui-testing";
		};
/* End PBXNativeTarget section */

/* Begin PBXProject section */
		606FA5471CF88D6000A1C05B /* Project object */ = {
			isa = PBXProject;
			attributes = {
				LastUpgradeCheck = 0730;
				ORGANIZATIONNAME = SinObjectC;
				TargetAttributes = {
					606FA54E1CF88D6000A1C05B = {
						CreatedOnToolsVersion = 7.3;
					};
					606FA5671CF88D6000A1C05B = {
						CreatedOnToolsVersion = 7.3;
						TestTargetID = 606FA54E1CF88D6000A1C05B;
					};
					606FA5721CF88D6000A1C05B = {
						CreatedOnToolsVersion = 7.3;
						TestTargetID = 606FA54E1CF88D6000A1C05B;
					};
				};
			};
			buildConfigurationList = 606FA54A1CF88D6000A1C05B /* Build configuration list for PBXProject "MRHitTest" */;
			compatibilityVersion = "Xcode 3.2";
			developmentRegion = English;
			hasScannedForEncodings = 0;
			knownRegions = (
				en,
				Base,
			);
			mainGroup = 606FA5461CF88D6000A1C05B;
			productRefGroup = 606FA5501CF88D6000A1C05B /* Products */;
			projectDirPath = "";
			projectRoot = "";
			targets = (
				606FA54E1CF88D6000A1C05B /* MRHitTest */,
				606FA5671CF88D6000A1C05B /* MRHitTestTests */,
				606FA5721CF88D6000A1C05B /* MRHitTestUITests */,
			);
		};
/* End PBXProject section */

/* Begin PBXResourcesBuildPhase section */
		606FA54D1CF88D6000A1C05B /* Resources */ = {
			isa = PBXResourcesBuildPhase;
			buildActionMask = 2147483647;
			files = (
				606FA5621CF88D6000A1C05B /* LaunchScreen.storyboard in Resources */,
				606FA55F1CF88D6000A1C05B /* Assets.xcassets in Resources */,
				606FA55D1CF88D6000A1C05B /* Main.storyboard in Resources */,
			);
			runOnlyForDeploymentPostprocessing = 0;
		};
		606FA5661CF88D6000A1C05B /* Resources */ = {
			isa = PBXResourcesBuildPhase;
			buildActionMask = 2147483647;
			files = (
			);
			runOnlyForDeploymentPostprocessing = 0;
		};
		606FA5711CF88D6000A1C05B /* Resources */ = {
			isa = PBXResourcesBuildPhase;
			buildActionMask = 2147483647;
			files = (
			);
			runOnlyForDeploymentPostprocessing = 0;
		};
/* End PBXResourcesBuildPhase section */

/* Begin PBXSourcesBuildPhase section */
		606FA54B1CF88D6000A1C05B /* Sources */ = {
			isa = PBXSourcesBuildPhase;
			buildActionMask = 2147483647;
			files = (
				606FA55A1CF88D6000A1C05B /* ViewController.m in Sources */,
				607DE93A1CF88E8A003801D4 /* MRView.m in Sources */,
				606FA5571CF88D6000A1C05B /* AppDelegate.m in Sources */,
				606FA5541CF88D6000A1C05B /* main.m in Sources */,
			);
			runOnlyForDeploymentPostprocessing = 0;
		};
		606FA5641CF88D6000A1C05B /* Sources */ = {
			isa = PBXSourcesBuildPhase;
			buildActionMask = 2147483647;
			files = (
				606FA56D1CF88D6000A1C05B /* MRHitTestTests.m in Sources */,
			);
			runOnlyForDeploymentPostprocessing = 0;
		};
		606FA56F1CF88D6000A1C05B /* Sources */ = {
			isa = PBXSourcesBuildPhase;
			buildActionMask = 2147483647;
			files = (
				606FA5781CF88D6000A1C05B /* MRHitTestUITests.m in Sources */,
			);
			runOnlyForDeploymentPostprocessing = 0;
		};
/* End PBXSourcesBuildPhase section */

/* Begin PBXTargetDependency section */
		606FA56A1CF88D6000A1C05B /* PBXTargetDependency */ = {
			isa = PBXTargetDependency;
			target = 606FA54E1CF88D6000A1C05B /* MRHitTest */;
			targetProxy = 606FA5691CF88D6000A1C05B /* PBXContainerItemProxy */;
		};
		606FA5751CF88D6000A1C05B /* PBXTargetDependency */ = {
			isa = PBXTargetDependency;
			target = 606FA54E1CF88D6000A1C05B /* MRHitTest */;
			targetProxy = 606FA5741CF88D6000A1C05B /* PBXContainerItemProxy */;
		};
/* End PBXTargetDependency section */

/* Begin PBXVariantGroup section */
		606FA55B1CF88D6000A1C05B /* Main.storyboard */ = {
			isa = PBXVariantGroup;
			children = (
				606FA55C1CF88D6000A1C05B /* Base */,
			);
			name = Main.storyboard;
			sourceTree = "<group>";
		};
		606FA5601CF88D6000A1C05B /* LaunchScreen.storyboard */ = {
			isa = PBXVariantGroup;
			children = (
				606FA5611CF88D6000A1C05B /* Base */,
			);
			name = LaunchScreen.storyboard;
			sourceTree = "<group>";
		};
/* End PBXVariantGroup section */

/* Begin XCBuildConfiguration section */
		606FA57A1CF88D6000A1C05B /* Debug */ = {
			isa = XCBuildConfiguration;
			buildSettings = {
				ALWAYS_SEARCH_USER_PATHS = NO;
				CLANG_ANALYZER_NONNULL = YES;
				CLANG_CXX_LANGUAGE_STANDARD = "gnu++0x";
				CLANG_CXX_LIBRARY = "libc++";
				CLANG_ENABLE_MODULES = YES;
				CLANG_ENABLE_OBJC_ARC = YES;
				CLANG_WARN_BOOL_CONVERSION = YES;
				CLANG_WARN_CONSTANT_CONVERSION = YES;
				CLANG_WARN_DIRECT_OBJC_ISA_USAGE = YES_ERROR;
				CLANG_WARN_EMPTY_BODY = YES;
				CLANG_WARN_ENUM_CONVERSION = YES;
				CLANG_WARN_INT_CONVERSION = YES;
				CLANG_WARN_OBJC_ROOT_CLASS = YES_ERROR;
				CLANG_WARN_UNREACHABLE_CODE = YES;
				CLANG_WARN__DUPLICATE_METHOD_MATCH = YES;
				"CODE_SIGN_IDENTITY[sdk=iphoneos*]" = "iPhone Developer";
				COPY_PHASE_STRIP = NO;
				DEBUG_INFORMATION_FORMAT = dwarf;
				ENABLE_STRICT_OBJC_MSGSEND = YES;
				ENABLE_TESTABILITY = YES;
				GCC_C_LANGUAGE_STANDARD = gnu99;
				GCC_DYNAMIC_NO_PIC = NO;
				GCC_NO_COMMON_BLOCKS = YES;
				GCC_OPTIMIZATION_LEVEL = 0;
				GCC_PREPROCESSOR_DEFINITIONS = (
					"DEBUG=1",
					"$(inherited)",
				);
				GCC_WARN_64_TO_32_BIT_CONVERSION = YES;
				GCC_WARN_ABOUT_RETURN_TYPE = YES_ERROR;
				GCC_WARN_UNDECLARED_SELECTOR = YES;
				GCC_WARN_UNINITIALIZED_AUTOS = YES_AGGRESSIVE;
				GCC_WARN_UNUSED_FUNCTION = YES;
				GCC_WARN_UNUSED_VARIABLE = YES;
				IPHONEOS_DEPLOYMENT_TARGET = 9.3;
				MTL_ENABLE_DEBUG_INFO = YES;
				ONLY_ACTIVE_ARCH = YES;
				SDKROOT = iphoneos;
				TARGETED_DEVICE_FAMILY = "1,2";
			};
			name = Debug;
		};
		606FA57B1CF88D6000A1C05B /* Release */ = {
			isa = XCBuildConfiguration;
			buildSettings = {
				ALWAYS_SEARCH_USER_PATHS = NO;
				CLANG_ANALYZER_NONNULL = YES;
				CLANG_CXX_LANGUAGE_STANDARD = "gnu++0x";
				CLANG_CXX_LIBRARY = "libc++";
				CLANG_ENABLE_MODULES = YES;
				CLANG_ENABLE_OBJC_ARC = YES;
				CLANG_WARN_BOOL_CONVERSION = YES;
				CLANG_WARN_CONSTANT_CONVERSION = YES;
				CLANG_WARN_DIRECT_OBJC_ISA_USAGE = YES_ERROR;
				CLANG_WARN_EMPTY_BODY = YES;
				CLANG_WARN_ENUM_CONVERSION = YES;
				CLANG_WARN_INT_CONVERSION = YES;
				CLANG_WARN_OBJC_ROOT_CLASS = YES_ERROR;
				CLANG_WARN_UNREACHABLE_CODE = YES;
				CLANG_WARN__DUPLICATE_METHOD_MATCH = YES;
				"CODE_SIGN_IDENTITY[sdk=iphoneos*]" = "iPhone Developer";
				COPY_PHASE_STRIP = NO;
				DEBUG_INFORMATION_FORMAT = "dwarf-with-dsym";
				ENABLE_NS_ASSERTIONS = NO;
				ENABLE_STRICT_OBJC_MSGSEND = YES;
				GCC_C_LANGUAGE_STANDARD = gnu99;
				GCC_NO_COMMON_BLOCKS = YES;
				GCC_WARN_64_TO_32_BIT_CONVERSION = YES;
				GCC_WARN_ABOUT_RETURN_TYPE = YES_ERROR;
				GCC_WARN_UNDECLARED_SELECTOR = YES;
				GCC_WARN_UNINITIALIZED_AUTOS = YES_AGGRESSIVE;
				GCC_WARN_UNUSED_FUNCTION = YES;
				GCC_WARN_UNUSED_VARIABLE = YES;
				IPHONEOS_DEPLOYMENT_TARGET = 9.3;
				MTL_ENABLE_DEBUG_INFO = NO;
				SDKROOT = iphoneos;
				TARGETED_DEVICE_FAMILY = "1,2";
				VALIDATE_PRODUCT = YES;
			};
			name = Release;
		};
		606FA57D1CF88D6000A1C05B /* Debug */ = {
			isa = XCBuildConfiguration;
			buildSettings = {
				ASSETCATALOG_COMPILER_APPICON_NAME = AppIcon;
				INFOPLIST_FILE = MRHitTest/Info.plist;
				LD_RUNPATH_SEARCH_PATHS = "$(inherited) @executable_path/Frameworks";
				PRODUCT_BUNDLE_IDENTIFIER = com.cqut.Andrew554.MRHitTest;
				PRODUCT_NAME = "$(TARGET_NAME)";
			};
			name = Debug;
		};
		606FA57E1CF88D6000A1C05B /* Release */ = {
			isa = XCBuildConfiguration;
			buildSettings = {
				ASSETCATALOG_COMPILER_APPICON_NAME = AppIcon;
				INFOPLIST_FILE = MRHitTest/Info.plist;
				LD_RUNPATH_SEARCH_PATHS = "$(inherited) @executable_path/Frameworks";
				PRODUCT_BUNDLE_IDENTIFIER = com.cqut.Andrew554.MRHitTest;
				PRODUCT_NAME = "$(TARGET_NAME)";
			};
			name = Release;
		};
		606FA5801CF88D6000A1C05B /* Debug */ = {
			isa = XCBuildConfiguration;
			buildSettings = {
				BUNDLE_LOADER = "$(TEST_HOST)";
				INFOPLIST_FILE = MRHitTestTests/Info.plist;
				LD_RUNPATH_SEARCH_PATHS = "$(inherited) @executable_path/Frameworks @loader_path/Frameworks";
				PRODUCT_BUNDLE_IDENTIFIER = com.cqut.Andrew554.MRHitTestTests;
				PRODUCT_NAME = "$(TARGET_NAME)";
				TEST_HOST = "$(BUILT_PRODUCTS_DIR)/MRHitTest.app/MRHitTest";
			};
			name = Debug;
		};
		606FA5811CF88D6000A1C05B /* Release */ = {
			isa = XCBuildConfiguration;
			buildSettings = {
				BUNDLE_LOADER = "$(TEST_HOST)";
				INFOPLIST_FILE = MRHitTestTests/Info.plist;
				LD_RUNPATH_SEARCH_PATHS = "$(inherited) @executable_path/Frameworks @loader_path/Frameworks";
				PRODUCT_BUNDLE_IDENTIFIER = com.cqut.Andrew554.MRHitTestTests;
				PRODUCT_NAME = "$(TARGET_NAME)";
				TEST_HOST = "$(BUILT_PRODUCTS_DIR)/MRHitTest.app/MRHitTest";
			};
			name = Release;
		};
		606FA5831CF88D6000A1C05B /* Debug */ = {
			isa = XCBuildConfiguration;
			buildSettings = {
				INFOPLIST_FILE = MRHitTestUITests/Info.plist;
				LD_RUNPATH_SEARCH_PATHS = "$(inherited) @executable_path/Frameworks @loader_path/Frameworks";
				PRODUCT_BUNDLE_IDENTIFIER = com.cqut.Andrew554.MRHitTestUITests;
				PRODUCT_NAME = "$(TARGET_NAME)";
				TEST_TARGET_NAME = MRHitTest;
			};
			name = Debug;
		};
		606FA5841CF88D6000A1C05B /* Release */ = {
			isa = XCBuildConfiguration;
			buildSettings = {
				INFOPLIST_FILE = MRHitTestUITests/Info.plist;
				LD_RUNPATH_SEARCH_PATHS = "$(inherited) @executable_path/Frameworks @loader_path/Frameworks";
				PRODUCT_BUNDLE_IDENTIFIER = com.cqut.Andrew554.MRHitTestUITests;
				PRODUCT_NAME = "$(TARGET_NAME)";
				TEST_TARGET_NAME = MRHitTest;
			};
			name = Release;
		};
/* End XCBuildConfiguration section */

/* Begin XCConfigurationList section */
		606FA54A1CF88D6000A1C05B /* Build configuration list for PBXProject "MRHitTest" */ = {
			isa = XCConfigurationList;
			buildConfigurations = (
				606FA57A1CF88D6000A1C05B /* Debug */,
				606FA57B1CF88D6000A1C05B /* Release */,
			);
			defaultConfigurationIsVisible = 0;
			defaultConfigurationName = Release;
		};
		606FA57C1CF88D6000A1C05B /* Build configuration list for PBXNativeTarget "MRHitTest" */ = {
			isa = XCConfigurationList;
			buildConfigurations = (
				606FA57D1CF88D6000A1C05B /* Debug */,
				606FA57E1CF88D6000A1C05B /* Release */,
			);
			defaultConfigurationIsVisible = 0;
			defaultConfigurationName = Release;
		};
		606FA57F1CF88D6000A1C05B /* Build configuration list for PBXNativeTarget "MRHitTestTests" */ = {
			isa = XCConfigurationList;
			buildConfigurations = (
				606FA5801CF88D6000A1C05B /* Debug */,
				606FA5811CF88D6000A1C05B /* Release */,
			);
			defaultConfigurationIsVisible = 0;
			defaultConfigurationName = Release;
		};
		606FA5821CF88D6000A1C05B /* Build configuration list for PBXNativeTarget "MRHitTestUITests" */ = {
			isa = XCConfigurationList;
			buildConfigurations = (
				606FA5831CF88D6000A1C05B /* Debug */,
				606FA5841CF88D6000A1C05B /* Release */,
			);
			defaultConfigurationIsVisible = 0;
			defaultConfigurationName = Release;
		};
/* End XCConfigurationList section */
	};
	rootObject = 606FA5471CF88D6000A1C05B /* Project object */;
}
